
Microsoft Visual Studio Solution File, Format Version 12.00
# Visual Studio Version 16
VisualStudioVersion = 16.0.31624.102
MinimumVisualStudioVersion = 10.0.40219.1
Project("{9A19103F-16F7-4668-BE54-9A1E7A4F7556}") = "DemoSelenium", "DemoSelenium\DemoSelenium.csproj", "{489AD45E-E65C-486F-BEB8-0CF600A51362}"
EndProject
Global
	GlobalSection(SolutionConfigurationPlatforms) = preSolution
		Debug|Any CPU = Debug|Any CPU
		Release|Any CPU = Release|Any CPU
	EndGlobalSection
	GlobalSection(ProjectConfigurationPlatforms) = postSolution
		{489AD45E-E65C-486F-BEB8-0CF600A51362}.Debug|Any CPU.ActiveCfg = Debug|Any CPU
		{489AD45E-E65C-486F-BEB8-0CF600A51362}.Debug|Any CPU.Build.0 = Debug|Any CPU
		{489AD45E-E65C-486F-BEB8-0CF600A51362}.Release|Any CPU.ActiveCfg = Release|Any CPU
		{489AD45E-E65C-486F-BEB8-0CF600A51362}.Release|Any CPU.Build.0 = Release|Any CPU
	EndGlobalSection
	GlobalSection(SolutionProperties) = preSolution
		HideSolutionNode = FALSE
	EndGlobalSection
	GlobalSection(ExtensibilityGlobals) = postSolution
		SolutionGuid = {AA674D5E-3262-480F-AA3B-A20E43A860C4}
	EndGlobalSection
EndGlobal
